
Microsoft Visual Studio Solution File, Format Version 12.00
# Visual Studio Version 17
VisualStudioVersion = 17.13.35913.81 d17.13
MinimumVisualStudioVersion = 10.0.40219.1
Project("{FAE04EC0-301F-11D3-BF4B-00C04F79EFBC}") = "Miras-Inheritance", "Miras-Inheritance\Miras-Inheritance.csproj", "{3D39CC2E-B3A1-4174-BB87-505C9038B60E}"
EndProject
Global
	GlobalSection(SolutionConfigurationPlatforms) = preSolution
		Debug|Any CPU = Debug|Any CPU
		Release|Any CPU = Release|Any CPU
	EndGlobalSection
	GlobalSection(ProjectConfigurationPlatforms) = postSolution
		{3D39CC2E-B3A1-4174-BB87-505C9038B60E}.Debug|Any CPU.ActiveCfg = Debug|Any CPU
		{3D39CC2E-B3A1-4174-BB87-505C9038B60E}.Debug|Any CPU.Build.0 = Debug|Any CPU
		{3D39CC2E-B3A1-4174-BB87-505C9038B60E}.Release|Any CPU.ActiveCfg = Release|Any CPU
		{3D39CC2E-B3A1-4174-BB87-505C9038B60E}.Release|Any CPU.Build.0 = Release|Any CPU
	EndGlobalSection
	GlobalSection(SolutionProperties) = preSolution
		HideSolutionNode = FALSE
	EndGlobalSection
	GlobalSection(ExtensibilityGlobals) = postSolution
		SolutionGuid = {E53CAD24-DC92-4535-A16D-E29D520A1D80}
	EndGlobalSection
EndGlobal
