
Microsoft Visual Studio Solution File, Format Version 12.00
# Visual Studio Version 17
VisualStudioVersion = 17.13.35913.81 d17.13
MinimumVisualStudioVersion = 10.0.40219.1
Project("{FAE04EC0-301F-11D3-BF4B-00C04F79EFBC}") = "Exception Handling(Hata-Yönetimi)", "Exception Handling(Hata-Yönetimi)\Exception Handling(Hata-Yönetimi).csproj", "{244B069F-2354-4981-AA52-62CE567DB452}"
EndProject
Global
	GlobalSection(SolutionConfigurationPlatforms) = preSolution
		Debug|Any CPU = Debug|Any CPU
		Release|Any CPU = Release|Any CPU
	EndGlobalSection
	GlobalSection(ProjectConfigurationPlatforms) = postSolution
		{244B069F-2354-4981-AA52-62CE567DB452}.Debug|Any CPU.ActiveCfg = Debug|Any CPU
		{244B069F-2354-4981-AA52-62CE567DB452}.Debug|Any CPU.Build.0 = Debug|Any CPU
		{244B069F-2354-4981-AA52-62CE567DB452}.Release|Any CPU.ActiveCfg = Release|Any CPU
		{244B069F-2354-4981-AA52-62CE567DB452}.Release|Any CPU.Build.0 = Release|Any CPU
	EndGlobalSection
	GlobalSection(SolutionProperties) = preSolution
		HideSolutionNode = FALSE
	EndGlobalSection
	GlobalSection(ExtensibilityGlobals) = postSolution
		SolutionGuid = {BFE9886D-EF93-41FE-BEC0-975B59F5FA5F}
	EndGlobalSection
EndGlobal
